lockfileVersion: '9.0'

settings:
  autoInstallPeers: true
  excludeLinksFromLockfile: false

importers:

  .:
    devDependencies:
      '@asciidoctor/core':
        specifier: ^4.1.1
        version: 4.1.1
      '@dev-centr/themed-svg':
        specifier: 0.1.1
        version: 0.1.1
      '@xmldom/xmldom':
        specifier: 0.9.12
        version: 0.9.12

packages:

  '@asciidoctor/core@4.1.1':
    resolution: {integrity: sha512-kwynyx6FXXi985Q9tfIPUitZ/2vzISYmcUVVZXkSamwD91I5nL7TJt33HXjnBYwfzugLu36RZuhNA/DB4fogEA==}
    engines: {node: '>=20'}
    peerDependencies:
      highlight.js: ^11.0.0
    peerDependenciesMeta:
      highlight.js:
        optional: true

  '@dev-centr/themed-svg@0.1.1':
    resolution: {integrity: sha512-hBZH3BKQErb3HRHOVUGL5mxPy6IHZ3EHMH0w4LoHtN+zmlj+wXC5ErVm5r0eTc8+IHN7OTjvaUMF+ZPhoNIMZA==}
    engines: {node: '>=20'}
    hasBin: true

  '@types/trusted-types@2.0.7':
    resolution: {integrity: sha512-ScaPdn1dQczgbl0QFTeTOmVHFULt394XJgOQNoyVhZ6r2vLnMLJfBPd53SB52T/3G36VI1/g2MZaX0cwDuXsfw==}

  '@xmldom/xmldom@0.8.15':
    resolution: {integrity: sha512-/5NV/vDALVFDXgLmfsy9TRCBlKwO2LNBFzpzvb9iIj+jR+eSc6DLYYvVOdivT/jm7MtU6TebYuRmzEOI7w40UA==}
    engines: {node: '>=10.0.0'}

  '@xmldom/xmldom@0.9.12':
    resolution: {integrity: sha512-5AXjrcMClTryPe9LgZrygpB1lj7s0S9E0+W+AHaVKAVyHanafK86iPSvG5xHVSp/jC+VH1UXu0TAEmY279xH7A==}
    engines: {node: '>=14.6'}

  color-name@2.1.1:
    resolution: {integrity: sha512-p2FdgwVx1a9yWBHP2wI0VgShkDpgN4kZISkxdNipGBJWpa5G6b04OINlVWCyJj0JmfvcPrgqt95E9k8yvaOJFg==}
    engines: {node: '>=12.20'}

  dompurify@3.4.15:
    resolution: {integrity: sha512-EUBjM+B+lkDE41iE82DDSCfkoPGfXx8IxFxPMjNzm/Uk4xDet77rTN9wqlxlVg71kK7XGuUMv6wUxJUwwv+Xyw==}

  nanoid@3.3.18:
    resolution: {integrity: sha512-DTg4MJbGMWkfi6VZFdNt2/caMbQy4Ou+Op/hJQvGEWcnVfoA1QA+xzRKAzw9jD6+GVOOeYr/mIcuDSdug6F6+w==}
    engines: {node: ^10 || ^12 || ^13.7 || ^14 || >=15.0.1}
    hasBin: true

  picocolors@1.1.1:
    resolution: {integrity: sha512-xceH2snhtb5M9liqDsmEw56le376mTZkEX/jEb/RxNFyegNul7eNslCXP9FDj/Lcu0X8KEyMceP2ntpaHrDEVA==}

  postcss-value-parser@4.2.0:
    resolution: {integrity: sha512-1NNCs6uurfkVbeXG4S8JFT9t19m45ICnif8zWLd5oPSZ50QnwMfK+H3jv408d4jw/7Bttv5axS5IiHoLaVNHeQ==}

  postcss@8.5.28:
    resolution: {integrity: sha512-RRuzqDtt5Y9h3quz5hWhK+TPnsmVs6WwSU6LkJMeY4HstUEDuYTG8UJSdawMRzmzAtV+KEoG8N3Qg2qLy5vM/A==}
    engines: {node: ^10 || ^12 || >=14}

  saxes@6.0.0:
    resolution: {integrity: sha512-xAg7SOnEhrm5zI3puOOKyy1OMcMlIJZYNJY7xLBwSze0UjhPLnWfj2GF2EpT0jmzaJKIWKHLsaSSajf35bcYnA==}
    engines: {node: '>=v12.22.7'}

  source-map-js@1.2.1:
    resolution: {integrity: sha512-UXWMKhLOwVKb728IUtQPXxfYU+usdybtUrK/8uGE8CQMvrhOpwvzDBwj0QhSL7MQc7vIsISBG8VQ8+IDQxpfQA==}
    engines: {node: '>=0.10.0'}

  xmlchars@2.2.0:
    resolution: {integrity: sha512-JZnDKK8B0RCDw84FNdDAIpZK+JuJw+s7Lz8nksI7SIuU3UXJJslUthsi+uWBUYOwPFwW7W7PRLRfUKpxjtjFCw==}

snapshots:

  '@asciidoctor/core@4.1.1': {}

  '@dev-centr/themed-svg@0.1.1':
    dependencies:
      '@xmldom/xmldom': 0.8.15
      color-name: 2.1.1
      dompurify: 3.4.15
      postcss: 8.5.28
      postcss-value-parser: 4.2.0
      saxes: 6.0.0

  '@types/trusted-types@2.0.7':
    optional: true

  '@xmldom/xmldom@0.8.15': {}

  '@xmldom/xmldom@0.9.12': {}

  color-name@2.1.1: {}

  dompurify@3.4.15:
    optionalDependencies:
      '@types/trusted-types': 2.0.7

  nanoid@3.3.18: {}

  picocolors@1.1.1: {}

  postcss-value-parser@4.2.0: {}

  postcss@8.5.28:
    dependencies:
      nanoid: 3.3.18
      picocolors: 1.1.1
      source-map-js: 1.2.1

  saxes@6.0.0:
    dependencies:
      xmlchars: 2.2.0

  source-map-js@1.2.1: {}

  xmlchars@2.2.0: {}
